// !$*UTF8*$!
{
	archiveVersion = 1;
	classes = {
	};
	objectVersion = 77;
	objects = {

/* Begin PBXBuildFile section */
		390C90142DBA17A200C8DBE7 /* FirebaseAuthInterop.xcframework in Frameworks */ = {isa = PBXBuildFile; fileRef = 390C900F2DBA17A200C8DBE7 /* FirebaseAuthInterop.xcframework */; };
		390C90152DBA17A200C8DBE7 /* FirebaseAppCheckInterop.xcframework in Frameworks */ = {isa = PBXBuildFile; fileRef = 390C900D2DBA17A200C8DBE7 /* FirebaseAppCheckInterop.xcframework */; };
		390C90162DBA17A200C8DBE7 /* RecaptchaInterop.xcframework in Frameworks */ = {isa = PBXBuildFile; fileRef = 390C90122DBA17A200C8DBE7 /* RecaptchaInterop.xcframework */; };
		390C90172DBA17A200C8DBE7 /* GTMSessionFetcher.xcframework in Frameworks */ = {isa = PBXBuildFile; fileRef = 390C90112DBA17A200C8DBE7 /* GTMSessionFetcher.xcframework */; };
		390C90182DBA17A200C8DBE7 /* FirebaseAuth.xcframework in Frameworks */ = {isa = PBXBuildFile; fileRef = 390C900E2DBA17A200C8DBE7 /* FirebaseAuth.xcframework */; };
		390C90192DBA17A200C8DBE7 /* FirebaseCoreExtension.xcframework in Frameworks */ = {isa = PBXBuildFile; fileRef = 390C90102DBA17A200C8DBE7 /* FirebaseCoreExtension.xcframework */; };
		D88FD89A2DBA4F2F00BD87A6 /* FirebaseAnalytics in Frameworks */ = {isa = PBXBuildFile; productRef = D88FD8992DBA4F2F00BD87A6 /* FirebaseAnalytics */; };
		D88FD89C2DBA4F2F00BD87A6 /* FirebaseAppCheck in Frameworks */ = {isa = PBXBuildFile; productRef = D88FD89B2DBA4F2F00BD87A6 /* FirebaseAppCheck */; };
		D88FD89E2DBA4F2F00BD87A6 /* FirebaseAuth in Frameworks */ = {isa = PBXBuildFile; productRef = D88FD89D2DBA4F2F00BD87A6 /* FirebaseAuth */; };
		D88FD8A02DBA4F2F00BD87A6 /* FirebaseFirestore in Frameworks */ = {isa = PBXBuildFile; productRef = D88FD89F2DBA4F2F00BD87A6 /* FirebaseFirestore */; };
		D88FD8A22DBA4F2F00BD87A6 /* FirebaseFirestoreCombine-Community in Frameworks */ = {isa = PBXBuildFile; productRef = D88FD8A12DBA4F2F00BD87A6 /* FirebaseFirestoreCombine-Community */; };
/* End PBXBuildFile section */

/* Begin PBXContainerItemProxy section */
		392B6B9C2DB5FBA500C028B8 /* PBXContainerItemProxy */ = {
			isa = PBXContainerItemProxy;
			containerPortal = 392B6B832DB5FBA400C028B8 /* Project object */;
			proxyType = 1;
			remoteGlobalIDString = 392B6B8A2DB5FBA400C028B8;
			remoteInfo = MindEase_cw;
		};
		392B6BA62DB5FBA500C028B8 /* PBXContainerItemProxy */ = {
			isa = PBXContainerItemProxy;
			containerPortal = 392B6B832DB5FBA400C028B8 /* Project object */;
			proxyType = 1;
			remoteGlobalIDString = 392B6B8A2DB5FBA400C028B8;
			remoteInfo = MindEase_cw;
		};
/* End PBXContainerItemProxy section */

/* Begin PBXFileReference section */
		390C900D2DBA17A200C8DBE7 /* FirebaseAppCheckInterop.xcframework */ = {isa = PBXFileReference; expectedSignature = "AppleDeveloperProgram:EQHXZ8M8AV:Google LLC"; lastKnownFileType = wrapper.xcframework; path = FirebaseAppCheckInterop.xcframework; sourceTree = "<group>"; };
		390C900E2DBA17A200C8DBE7 /* FirebaseAuth.xcframework */ = {isa = PBXFileReference; expectedSignature = "AppleDeveloperProgram:EQHXZ8M8AV:Google LLC"; lastKnownFileType = wrapper.xcframework; path = FirebaseAuth.xcframework; sourceTree = "<group>"; };
		390C900F2DBA17A200C8DBE7 /* FirebaseAuthInterop.xcframework */ = {isa = PBXFileReference; expectedSignature = "AppleDeveloperProgram:EQHXZ8M8AV:Google LLC"; lastKnownFileType = wrapper.xcframework; path = FirebaseAuthInterop.xcframework; sourceTree = "<group>"; };
		390C90102DBA17A200C8DBE7 /* FirebaseCoreExtension.xcframework */ = {isa = PBXFileReference; expectedSignature = "AppleDeveloperProgram:EQHXZ8M8AV:Google LLC"; lastKnownFileType = wrapper.xcframework; path = FirebaseCoreExtension.xcframework; sourceTree = "<group>"; };
		390C90112DBA17A200C8DBE7 /* GTMSessionFetcher.xcframework */ = {isa = PBXFileReference; expectedSignature = "AppleDeveloperProgram:EQHXZ8M8AV:Google LLC"; lastKnownFileType = wrapper.xcframework; path = GTMSessionFetcher.xcframework; sourceTree = "<group>"; };
		390C90122DBA17A200C8DBE7 /* RecaptchaInterop.xcframework */ = {isa = PBXFileReference; expectedSignature = "AppleDeveloperProgram:EQHXZ8M8AV:Google LLC"; lastKnownFileType = wrapper.xcframework; path = RecaptchaInterop.xcframework; sourceTree = "<group>"; };
		392B6B8B2DB5FBA400C028B8 /* MindEase_cw.app */ = {isa = PBXFileReference; explicitFileType = wrapper.application; includeInIndex = 0; path = MindEase_cw.app; sourceTree = BUILT_PRODUCTS_DIR; };
		392B6B9B2DB5FBA500C028B8 /* MindEase_cwTests.xctest */ = {isa = PBXFileReference; explicitFileType = wrapper.cfbundle; includeInIndex = 0; path = MindEase_cwTests.xctest; sourceTree = BUILT_PRODUCTS_DIR; };
		392B6BA52DB5FBA500C028B8 /* MindEase_cwUITests.xctest */ = {isa = PBXFileReference; explicitFileType = wrapper.cfbundle; includeInIndex = 0; path = MindEase_cwUITests.xctest; sourceTree = BUILT_PRODUCTS_DIR; };
/* End PBXFileReference section */

/* Begin PBXFileSystemSynchronizedRootGroup section */
		392B6B8D2DB5FBA400C028B8 /* MindEase_cw */ = {
			isa = PBXFileSystemSynchronizedRootGroup;
			path = MindEase_cw;
			sourceTree = "<group>";
		};
		392B6B9E2DB5FBA500C028B8 /* MindEase_cwTests */ = {
			isa = PBXFileSystemSynchronizedRootGroup;
			path = MindEase_cwTests;
			sourceTree = "<group>";
		};
		392B6BA82DB5FBA500C028B8 /* MindEase_cwUITests */ = {
			isa = PBXFileSystemSynchronizedRootGroup;
			path = MindEase_cwUITests;
			sourceTree = "<group>";
		};
/* End PBXFileSystemSynchronizedRootGroup section */

/* Begin PBXFrameworksBuildPhase section */
		392B6B882DB5FBA400C028B8 /* Frameworks */ = {
			isa = PBXFrameworksBuildPhase;
			buildActionMask = 2147483647;
			files = (
				D88FD89C2DBA4F2F00BD87A6 /* FirebaseAppCheck in Frameworks */,
				D88FD89A2DBA4F2F00BD87A6 /* FirebaseAnalytics in Frameworks */,
				390C90142DBA17A200C8DBE7 /* FirebaseAuthInterop.xcframework in Frameworks */,
				D88FD8A02DBA4F2F00BD87A6 /* FirebaseFirestore in Frameworks */,
				390C90152DBA17A200C8DBE7 /* FirebaseAppCheckInterop.xcframework in Frameworks */,
				D88FD8A22DBA4F2F00BD87A6 /* FirebaseFirestoreCombine-Community in Frameworks */,
				D88FD89E2DBA4F2F00BD87A6 /* FirebaseAuth in Frameworks */,
				390C90162DBA17A200C8DBE7 /* RecaptchaInterop.xcframework in Frameworks */,
				390C90172DBA17A200C8DBE7 /* GTMSessionFetcher.xcframework in Frameworks */,
				390C90182DBA17A200C8DBE7 /* FirebaseAuth.xcframework in Frameworks */,
				390C90192DBA17A200C8DBE7 /* FirebaseCoreExtension.xcframework in Frameworks */,
			);
			runOnlyForDeploymentPostprocessing = 0;
		};
		392B6B982DB5FBA500C028B8 /* Frameworks */ = {
			isa = PBXFrameworksBuildPhase;
			buildActionMask = 2147483647;
			files = (
			);
			runOnlyForDeploymentPostprocessing = 0;
		};
		392B6BA22DB5FBA500C028B8 /* Frameworks */ = {
			isa = PBXFrameworksBuildPhase;
			buildActionMask = 2147483647;
			files = (
			);
			runOnlyForDeploymentPostprocessing = 0;
		};
/* End PBXFrameworksBuildPhase section */

/* Begin PBXGroup section */
		390C90132DBA17A200C8DBE7 /* FirebaseAuth */ = {
			isa = PBXGroup;
			children = (
				390C900D2DBA17A200C8DBE7 /* FirebaseAppCheckInterop.xcframework */,
				390C900E2DBA17A200C8DBE7 /* FirebaseAuth.xcframework */,
				390C900F2DBA17A200C8DBE7 /* FirebaseAuthInterop.xcframework */,
				390C90102DBA17A200C8DBE7 /* FirebaseCoreExtension.xcframework */,
				390C90112DBA17A200C8DBE7 /* GTMSessionFetcher.xcframework */,
				390C90122DBA17A200C8DBE7 /* RecaptchaInterop.xcframework */,
			);
			path = FirebaseAuth;
			sourceTree = "<group>";
		};
		392B6B822DB5FBA400C028B8 = {
			isa = PBXGroup;
			children = (
				392B6B8D2DB5FBA400C028B8 /* MindEase_cw */,
				392B6B9E2DB5FBA500C028B8 /* MindEase_cwTests */,
				392B6BA82DB5FBA500C028B8 /* MindEase_cwUITests */,
				392B6B8C2DB5FBA400C028B8 /* Products */,
				390C90132DBA17A200C8DBE7 /* FirebaseAuth */,
			);
			sourceTree = "<group>";
		};
		392B6B8C2DB5FBA400C028B8 /* Products */ = {
			isa = PBXGroup;
			children = (
				392B6B8B2DB5FBA400C028B8 /* MindEase_cw.app */,
				392B6B9B2DB5FBA500C028B8 /* MindEase_cwTests.xctest */,
				392B6BA52DB5FBA500C028B8 /* MindEase_cwUITests.xctest */,
			);
			name = Products;
			sourceTree = "<group>";
		};
/* End PBXGroup section */

/* Begin PBXNativeTarget section */
		392B6B8A2DB5FBA400C028B8 /* MindEase_cw */ = {
			isa = PBXNativeTarget;
			buildConfigurationList = 392B6BAF2DB5FBA500C028B8 /* Build configuration list for PBXNativeTarget "MindEase_cw" */;
			buildPhases = (
				392B6B872DB5FBA400C028B8 /* Sources */,
				392B6B882DB5FBA400C028B8 /* Frameworks */,
				392B6B892DB5FBA400C028B8 /* Resources */,
			);
			buildRules = (
			);
			dependencies = (
			);
			fileSystemSynchronizedGroups = (
				392B6B8D2DB5FBA400C028B8 /* MindEase_cw */,
			);
			name = MindEase_cw;
			productName = MindEase_cw;
			productReference = 392B6B8B2DB5FBA400C028B8 /* MindEase_cw.app */;
			productType = "com.apple.product-type.application";
		};
		392B6B9A2DB5FBA500C028B8 /* MindEase_cwTests */ = {
			isa = PBXNativeTarget;
			buildConfigurationList = 392B6BB22DB5FBA500C028B8 /* Build configuration list for PBXNativeTarget "MindEase_cwTests" */;
			buildPhases = (
				392B6B972DB5FBA500C028B8 /* Sources */,
				392B6B982DB5FBA500C028B8 /* Frameworks */,
				392B6B992DB5FBA500C028B8 /* Resources */,
			);
			buildRules = (
			);
			dependencies = (
				392B6B9D2DB5FBA500C028B8 /* PBXTargetDependency */,
			);
			fileSystemSynchronizedGroups = (
				392B6B9E2DB5FBA500C028B8 /* MindEase_cwTests */,
			);
			name = MindEase_cwTests;
			productName = MindEase_cwTests;
			productReference = 392B6B9B2DB5FBA500C028B8 /* MindEase_cwTests.xctest */;
			productType = "com.apple.product-type.bundle.unit-test";
		};
		392B6BA42DB5FBA500C028B8 /* MindEase_cwUITests */ = {
			isa = PBXNativeTarget;
			buildConfigurationList = 392B6BB52DB5FBA500C028B8 /* Build configuration list for PBXNativeTarget "MindEase_cwUITests" */;
			buildPhases = (
				392B6BA12DB5FBA500C028B8 /* Sources */,
				392B6BA22DB5FBA500C028B8 /* Frameworks */,
				392B6BA32DB5FBA500C028B8 /* Resources */,
			);
			buildRules = (
			);
			dependencies = (
				392B6BA72DB5FBA500C028B8 /* PBXTargetDependency */,
			);
			fileSystemSynchronizedGroups = (
				392B6BA82DB5FBA500C028B8 /* MindEase_cwUITests */,
			);
			name = MindEase_cwUITests;
			productName = MindEase_cwUITests;
			productReference = 392B6BA52DB5FBA500C028B8 /* MindEase_cwUITests.xctest */;
			productType = "com.apple.product-type.bundle.ui-testing";
		};
/* End PBXNativeTarget section */

/* Begin PBXProject section */
		392B6B832DB5FBA400C028B8 /* Project object */ = {
			isa = PBXProject;
			attributes = {
				BuildIndependentTargetsInParallel = 1;
				LastSwiftUpdateCheck = 1620;
				LastUpgradeCheck = 1620;
				TargetAttributes = {
					392B6B8A2DB5FBA400C028B8 = {
						CreatedOnToolsVersion = 16.2;
					};
					392B6B9A2DB5FBA500C028B8 = {
						CreatedOnToolsVersion = 16.2;
						TestTargetID = 392B6B8A2DB5FBA400C028B8;
					};
					392B6BA42DB5FBA500C028B8 = {
						CreatedOnToolsVersion = 16.2;
						TestTargetID = 392B6B8A2DB5FBA400C028B8;
					};
				};
			};
			buildConfigurationList = 392B6B862DB5FBA400C028B8 /* Build configuration list for PBXProject "MindEase_cw" */;
			developmentRegion = en;
			hasScannedForEncodings = 0;
			knownRegions = (
				en,
				Base,
			);
			mainGroup = 392B6B822DB5FBA400C028B8;
			minimizedProjectReferenceProxies = 1;
			packageReferences = (
				D88FD8982DBA4F2F00BD87A6 /* XCRemoteSwiftPackageReference "firebase-ios-sdk" */,
			);
			preferredProjectObjectVersion = 77;
			productRefGroup = 392B6B8C2DB5FBA400C028B8 /* Products */;
			projectDirPath = "";
			projectRoot = "";
			targets = (
				392B6B8A2DB5FBA400C028B8 /* MindEase_cw */,
				392B6B9A2DB5FBA500C028B8 /* MindEase_cwTests */,
				392B6BA42DB5FBA500C028B8 /* MindEase_cwUITests */,
			);
		};
/* End PBXProject section */

/* Begin PBXResourcesBuildPhase section */
		392B6B892DB5FBA400C028B8 /* Resources */ = {
			isa = PBXResourcesBuildPhase;
			buildActionMask = 2147483647;
			files = (
			);
			runOnlyForDeploymentPostprocessing = 0;
		};
		392B6B992DB5FBA500C028B8 /* Resources */ = {
			isa = PBXResourcesBuildPhase;
			buildActionMask = 2147483647;
			files = (
			);
			runOnlyForDeploymentPostprocessing = 0;
		};
		392B6BA32DB5FBA500C028B8 /* Resources */ = {
			isa = PBXResourcesBuildPhase;
			buildActionMask = 2147483647;
			files = (
			);
			runOnlyForDeploymentPostprocessing = 0;
		};
/* End PBXResourcesBuildPhase section */

/* Begin PBXSourcesBuildPhase section */
		392B6B872DB5FBA400C028B8 /* Sources */ = {
			isa = PBXSourcesBuildPhase;
			buildActionMask = 2147483647;
			files = (
			);
			runOnlyForDeploymentPostprocessing = 0;
		};
		392B6B972DB5FBA500C028B8 /* Sources */ = {
			isa = PBXSourcesBuildPhase;
			buildActionMask = 2147483647;
			files = (
			);
			runOnlyForDeploymentPostprocessing = 0;
		};
		392B6BA12DB5FBA500C028B8 /* Sources */ = {
			isa = PBXSourcesBuildPhase;
			buildActionMask = 2147483647;
			files = (
			);
			runOnlyForDeploymentPostprocessing = 0;
		};
/* End PBXSourcesBuildPhase section */

/* Begin PBXTargetDependency section */
		392B6B9D2DB5FBA500C028B8 /* PBXTargetDependency */ = {
			isa = PBXTargetDependency;
			target = 392B6B8A2DB5FBA400C028B8 /* MindEase_cw */;
			targetProxy = 392B6B9C2DB5FBA500C028B8 /* PBXContainerItemProxy */;
		};
		392B6BA72DB5FBA500C028B8 /* PBXTargetDependency */ = {
			isa = PBXTargetDependency;
			target = 392B6B8A2DB5FBA400C028B8 /* MindEase_cw */;
			targetProxy = 392B6BA62DB5FBA500C028B8 /* PBXContainerItemProxy */;
		};
/* End PBXTargetDependency section */

/* Begin XCBuildConfiguration section */
		392B6BAD2DB5FBA500C028B8 /* Debug */ = {
			isa = XCBuildConfiguration;
			buildSettings = {
				ALWAYS_SEARCH_USER_PATHS = NO;
				ASSETCATALOG_COMPILER_GENERATE_SWIFT_ASSET_SYMBOL_EXTENSIONS = YES;
				CLANG_ANALYZER_NONNULL = YES;
				CLANG_ANALYZER_NUMBER_OBJECT_CONVERSION = YES_AGGRESSIVE;
				CLANG_CXX_LANGUAGE_STANDARD = "gnu++20";
				CLANG_ENABLE_MODULES = YES;
				CLANG_ENABLE_OBJC_ARC = YES;
				CLANG_ENABLE_OBJC_WEAK = YES;
				CLANG_WARN_BLOCK_CAPTURE_AUTORELEASING = YES;
				CLANG_WARN_BOOL_CONVERSION = YES;
				CLANG_WARN_COMMA = YES;
				CLANG_WARN_CONSTANT_CONVERSION = YES;
				CLANG_WARN_DEPRECATED_OBJC_IMPLEMENTATIONS = YES;
				CLANG_WARN_DIRECT_OBJC_ISA_USAGE = YES_ERROR;
				CLANG_WARN_DOCUMENTATION_COMMENTS = YES;
				CLANG_WARN_EMPTY_BODY = YES;
				CLANG_WARN_ENUM_CONVERSION = YES;
				CLANG_WARN_INFINITE_RECURSION = YES;
				CLANG_WARN_INT_CONVERSION = YES;
				CLANG_WARN_NON_LITERAL_NULL_CONVERSION = YES;
				CLANG_WARN_OBJC_IMPLICIT_RETAIN_SELF = YES;
				CLANG_WARN_OBJC_LITERAL_CONVERSION = YES;
				CLANG_WARN_OBJC_ROOT_CLASS = YES_ERROR;
				CLANG_WARN_QUOTED_INCLUDE_IN_FRAMEWORK_HEADER = YES;
				CLANG_WARN_RANGE_LOOP_ANALYSIS = YES;
				CLANG_WARN_STRICT_PROTOTYPES = YES;
				CLANG_WARN_SUSPICIOUS_MOVE = YES;
				CLANG_WARN_UNGUARDED_AVAILABILITY = YES_AGGRESSIVE;
				CLANG_WARN_UNREACHABLE_CODE = YES;
				CLANG_WARN__DUPLICATE_METHOD_MATCH = YES;
				COPY_PHASE_STRIP = NO;
				DEBUG_INFORMATION_FORMAT = dwarf;
				ENABLE_STRICT_OBJC_MSGSEND = YES;
				ENABLE_TESTABILITY = YES;
				ENABLE_USER_SCRIPT_SANDBOXING = YES;
				GCC_C_LANGUAGE_STANDARD = gnu17;
				GCC_DYNAMIC_NO_PIC = NO;
				GCC_NO_COMMON_BLOCKS = YES;
				GCC_OPTIMIZATION_LEVEL = 0;
				GCC_PREPROCESSOR_DEFINITIONS = (
					"DEBUG=1",
					"$(inherited)",
				);
				GCC_WARN_64_TO_32_BIT_CONVERSION = YES;
				GCC_WARN_ABOUT_RETURN_TYPE = YES_ERROR;
				GCC_WARN_UNDECLARED_SELECTOR = YES;
				GCC_WARN_UNINITIALIZED_AUTOS = YES_AGGRESSIVE;
				GCC_WARN_UNUSED_FUNCTION = YES;
				GCC_WARN_UNUSED_VARIABLE = YES;
				IPHONEOS_DEPLOYMENT_TARGET = 18.2;
				LOCALIZATION_PREFERS_STRING_CATALOGS = YES;
				MTL_ENABLE_DEBUG_INFO = INCLUDE_SOURCE;
				MTL_FAST_MATH = YES;
				ONLY_ACTIVE_ARCH = YES;
				SDKROOT = iphoneos;
				SWIFT_ACTIVE_COMPILATION_CONDITIONS = "DEBUG $(inherited)";
				SWIFT_OPTIMIZATION_LEVEL = "-Onone";
			};
			name = Debug;
		};
		392B6BAE2DB5FBA500C028B8 /* Release */ = {
			isa = XCBuildConfiguration;
			buildSettings = {
				ALWAYS_SEARCH_USER_PATHS = NO;
				ASSETCATALOG_COMPILER_GENERATE_SWIFT_ASSET_SYMBOL_EXTENSIONS = YES;
				CLANG_ANALYZER_NONNULL = YES;
				CLANG_ANALYZER_NUMBER_OBJECT_CONVERSION = YES_AGGRESSIVE;
				CLANG_CXX_LANGUAGE_STANDARD = "gnu++20";
				CLANG_ENABLE_MODULES = YES;
				CLANG_ENABLE_OBJC_ARC = YES;
				CLANG_ENABLE_OBJC_WEAK = YES;
				CLANG_WARN_BLOCK_CAPTURE_AUTORELEASING = YES;
				CLANG_WARN_BOOL_CONVERSION = YES;
				CLANG_WARN_COMMA = YES;
				CLANG_WARN_CONSTANT_CONVERSION = YES;
				CLANG_WARN_DEPRECATED_OBJC_IMPLEMENTATIONS = YES;
				CLANG_WARN_DIRECT_OBJC_ISA_USAGE = YES_ERROR;
				CLANG_WARN_DOCUMENTATION_COMMENTS = YES;
				CLANG_WARN_EMPTY_BODY = YES;
				CLANG_WARN_ENUM_CONVERSION = YES;
				CLANG_WARN_INFINITE_RECURSION = YES;
				CLANG_WARN_INT_CONVERSION = YES;
				CLANG_WARN_NON_LITERAL_NULL_CONVERSION = YES;
				CLANG_WARN_OBJC_IMPLICIT_RETAIN_SELF = YES;
				CLANG_WARN_OBJC_LITERAL_CONVERSION = YES;
				CLANG_WARN_OBJC_ROOT_CLASS = YES_ERROR;
				CLANG_WARN_QUOTED_INCLUDE_IN_FRAMEWORK_HEADER = YES;
				CLANG_WARN_RANGE_LOOP_ANALYSIS = YES;
				CLANG_WARN_STRICT_PROTOTYPES = YES;
				CLANG_WARN_SUSPICIOUS_MOVE = YES;
				CLANG_WARN_UNGUARDED_AVAILABILITY = YES_AGGRESSIVE;
				CLANG_WARN_UNREACHABLE_CODE = YES;
				CLANG_WARN__DUPLICATE_METHOD_MATCH = YES;
				COPY_PHASE_STRIP = NO;
				DEBUG_INFORMATION_FORMAT = "dwarf-with-dsym";
				ENABLE_NS_ASSERTIONS = NO;
				ENABLE_STRICT_OBJC_MSGSEND = YES;
				ENABLE_USER_SCRIPT_SANDBOXING = YES;
				GCC_C_LANGUAGE_STANDARD = gnu17;
				GCC_NO_COMMON_BLOCKS = YES;
				GCC_WARN_64_TO_32_BIT_CONVERSION = YES;
				GCC_WARN_ABOUT_RETURN_TYPE = YES_ERROR;
				GCC_WARN_UNDECLARED_SELECTOR = YES;
				GCC_WARN_UNINITIALIZED_AUTOS = YES_AGGRESSIVE;
				GCC_WARN_UNUSED_FUNCTION = YES;
				GCC_WARN_UNUSED_VARIABLE = YES;
				IPHONEOS_DEPLOYMENT_TARGET = 18.2;
				LOCALIZATION_PREFERS_STRING_CATALOGS = YES;
				MTL_ENABLE_DEBUG_INFO = NO;
				MTL_FAST_MATH = YES;
				SDKROOT = iphoneos;
				SWIFT_COMPILATION_MODE = wholemodule;
				VALIDATE_PRODUCT = YES;
			};
			name = Release;
		};
		392B6BB02DB5FBA500C028B8 /* Debug */ = {
			isa = XCBuildConfiguration;
			buildSettings = {
				ASSETCATALOG_COMPILER_APPICON_NAME = AppIcon;
				ASSETCATALOG_COMPILER_GLOBAL_ACCENT_COLOR_NAME = AccentColor;
				CODE_SIGN_STYLE = Automatic;
				CURRENT_PROJECT_VERSION = 1;
				DEVELOPMENT_ASSET_PATHS = "\"MindEase_cw/Preview Content\"";
				DEVELOPMENT_TEAM = 4U8FJ24YC2;
				ENABLE_PREVIEWS = YES;
				GENERATE_INFOPLIST_FILE = YES;
				INFOPLIST_KEY_UIApplicationSceneManifest_Generation = YES;
				INFOPLIST_KEY_UIApplicationSupportsIndirectInputEvents = YES;
				INFOPLIST_KEY_UILaunchScreen_Generation = YES;
				INFOPLIST_KEY_UISupportedInterfaceOrientations_iPad = "UIInterfaceOrientationPortrait UIInterfaceOrientationPortraitUpsideDown UIInterfaceOrientationLandscapeLeft UIInterfaceOrientationLandscapeRight";
				INFOPLIST_KEY_UISupportedInterfaceOrientations_iPhone = "UIInterfaceOrientationPortrait UIInterfaceOrientationLandscapeLeft UIInterfaceOrientationLandscapeRight";
				LD_RUNPATH_SEARCH_PATHS = (
					"$(inherited)",
					"@executable_path/Frameworks",
				);
				MARKETING_VERSION = 1.0;
				PRODUCT_BUNDLE_IDENTIFIER = "sheshami.MindEase-cw";
				PRODUCT_NAME = "$(TARGET_NAME)";
				SWIFT_EMIT_LOC_STRINGS = YES;
				SWIFT_VERSION = 5.0;
				TARGETED_DEVICE_FAMILY = "1,2";
			};
			name = Debug;
		};
		392B6BB12DB5FBA500C028B8 /* Release */ = {
			isa = XCBuildConfiguration;
			buildSettings = {
				ASSETCATALOG_COMPILER_APPICON_NAME = AppIcon;
				ASSETCATALOG_COMPILER_GLOBAL_ACCENT_COLOR_NAME = AccentColor;
				CODE_SIGN_STYLE = Automatic;
				CURRENT_PROJECT_VERSION = 1;
				DEVELOPMENT_ASSET_PATHS = "\"MindEase_cw/Preview Content\"";
				DEVELOPMENT_TEAM = 4U8FJ24YC2;
				ENABLE_PREVIEWS = YES;
				GENERATE_INFOPLIST_FILE = YES;
				INFOPLIST_KEY_UIApplicationSceneManifest_Generation = YES;
				INFOPLIST_KEY_UIApplicationSupportsIndirectInputEvents = YES;
				INFOPLIST_KEY_UILaunchScreen_Generation = YES;
				INFOPLIST_KEY_UISupportedInterfaceOrientations_iPad = "UIInterfaceOrientationPortrait UIInterfaceOrientationPortraitUpsideDown UIInterfaceOrientationLandscapeLeft UIInterfaceOrientationLandscapeRight";
				INFOPLIST_KEY_UISupportedInterfaceOrientations_iPhone = "UIInterfaceOrientationPortrait UIInterfaceOrientationLandscapeLeft UIInterfaceOrientationLandscapeRight";
				LD_RUNPATH_SEARCH_PATHS = (
					"$(inherited)",
					"@executable_path/Frameworks",
				);
				MARKETING_VERSION = 1.0;
				PRODUCT_BUNDLE_IDENTIFIER = "sheshami.MindEase-cw";
				PRODUCT_NAME = "$(TARGET_NAME)";
				SWIFT_EMIT_LOC_STRINGS = YES;
				SWIFT_VERSION = 5.0;
				TARGETED_DEVICE_FAMILY = "1,2";
			};
			name = Release;
		};
		392B6BB32DB5FBA500C028B8 /* Debug */ = {
			isa = XCBuildConfiguration;
			buildSettings = {
				BUNDLE_LOADER = "$(TEST_HOST)";
				CODE_SIGN_STYLE = Automatic;
				CURRENT_PROJECT_VERSION = 1;
				GENERATE_INFOPLIST_FILE = YES;
				IPHONEOS_DEPLOYMENT_TARGET = 18.2;
				MARKETING_VERSION = 1.0;
				PRODUCT_BUNDLE_IDENTIFIER = "sheshami.MindEase-cwTests";
				PRODUCT_NAME = "$(TARGET_NAME)";
				SWIFT_EMIT_LOC_STRINGS = NO;
				SWIFT_VERSION = 5.0;
				TARGETED_DEVICE_FAMILY = "1,2";
				TEST_HOST = "$(BUILT_PRODUCTS_DIR)/MindEase_cw.app/$(BUNDLE_EXECUTABLE_FOLDER_PATH)/MindEase_cw";
			};
			name = Debug;
		};
		392B6BB42DB5FBA500C028B8 /* Release */ = {
			isa = XCBuildConfiguration;
			buildSettings = {
				BUNDLE_LOADER = "$(TEST_HOST)";
				CODE_SIGN_STYLE = Automatic;
				CURRENT_PROJECT_VERSION = 1;
				GENERATE_INFOPLIST_FILE = YES;
				IPHONEOS_DEPLOYMENT_TARGET = 18.2;
				MARKETING_VERSION = 1.0;
				PRODUCT_BUNDLE_IDENTIFIER = "sheshami.MindEase-cwTests";
				PRODUCT_NAME = "$(TARGET_NAME)";
				SWIFT_EMIT_LOC_STRINGS = NO;
				SWIFT_VERSION = 5.0;
				TARGETED_DEVICE_FAMILY = "1,2";
				TEST_HOST = "$(BUILT_PRODUCTS_DIR)/MindEase_cw.app/$(BUNDLE_EXECUTABLE_FOLDER_PATH)/MindEase_cw";
			};
			name = Release;
		};
		392B6BB62DB5FBA500C028B8 /* Debug */ = {
			isa = XCBuildConfiguration;
			buildSettings = {
				CODE_SIGN_STYLE = Automatic;
				CURRENT_PROJECT_VERSION = 1;
				GENERATE_INFOPLIST_FILE = YES;
				MARKETING_VERSION = 1.0;
				PRODUCT_BUNDLE_IDENTIFIER = "sheshami.MindEase-cwUITests";
				PRODUCT_NAME = "$(TARGET_NAME)";
				SWIFT_EMIT_LOC_STRINGS = NO;
				SWIFT_VERSION = 5.0;
				TARGETED_DEVICE_FAMILY = "1,2";
				TEST_TARGET_NAME = MindEase_cw;
			};
			name = Debug;
		};
		392B6BB72DB5FBA500C028B8 /* Release */ = {
			isa = XCBuildConfiguration;
			buildSettings = {
				CODE_SIGN_STYLE = Automatic;
				CURRENT_PROJECT_VERSION = 1;
				GENERATE_INFOPLIST_FILE = YES;
				MARKETING_VERSION = 1.0;
				PRODUCT_BUNDLE_IDENTIFIER = "sheshami.MindEase-cwUITests";
				PRODUCT_NAME = "$(TARGET_NAME)";
				SWIFT_EMIT_LOC_STRINGS = NO;
				SWIFT_VERSION = 5.0;
				TARGETED_DEVICE_FAMILY = "1,2";
				TEST_TARGET_NAME = MindEase_cw;
			};
			name = Release;
		};
/* End XCBuildConfiguration section */

/* Begin XCConfigurationList section */
		392B6B862DB5FBA400C028B8 /* Build configuration list for PBXProject "MindEase_cw" */ = {
			isa = XCConfigurationList;
			buildConfigurations = (
				392B6BAD2DB5FBA500C028B8 /* Debug */,
				392B6BAE2DB5FBA500C028B8 /* Release */,
			);
			defaultConfigurationIsVisible = 0;
			defaultConfigurationName = Release;
		};
		392B6BAF2DB5FBA500C028B8 /* Build configuration list for PBXNativeTarget "MindEase_cw" */ = {
			isa = XCConfigurationList;
			buildConfigurations = (
				392B6BB02DB5FBA500C028B8 /* Debug */,
				392B6BB12DB5FBA500C028B8 /* Release */,
			);
			defaultConfigurationIsVisible = 0;
			defaultConfigurationName = Release;
		};
		392B6BB22DB5FBA500C028B8 /* Build configuration list for PBXNativeTarget "MindEase_cwTests" */ = {
			isa = XCConfigurationList;
			buildConfigurations = (
				392B6BB32DB5FBA500C028B8 /* Debug */,
				392B6BB42DB5FBA500C028B8 /* Release */,
			);
			defaultConfigurationIsVisible = 0;
			defaultConfigurationName = Release;
		};
		392B6BB52DB5FBA500C028B8 /* Build configuration list for PBXNativeTarget "MindEase_cwUITests" */ = {
			isa = XCConfigurationList;
			buildConfigurations = (
				392B6BB62DB5FBA500C028B8 /* Debug */,
				392B6BB72DB5FBA500C028B8 /* Release */,
			);
			defaultConfigurationIsVisible = 0;
			defaultConfigurationName = Release;
		};
/* End XCConfigurationList section */

/* Begin XCRemoteSwiftPackageReference section */
		D88FD8982DBA4F2F00BD87A6 /* XCRemoteSwiftPackageReference "firebase-ios-sdk" */ = {
			isa = XCRemoteSwiftPackageReference;
			repositoryURL = "https://github.com/firebase/firebase-ios-sdk.git";
			requirement = {
				kind = upToNextMajorVersion;
				minimumVersion = 11.12.0;
			};
		};
/* End XCRemoteSwiftPackageReference section */

/* Begin XCSwiftPackageProductDependency section */
		D88FD8992DBA4F2F00BD87A6 /* FirebaseAnalytics */ = {
			isa = XCSwiftPackageProductDependency;
			package = D88FD8982DBA4F2F00BD87A6 /* XCRemoteSwiftPackageReference "firebase-ios-sdk" */;
			productName = FirebaseAnalytics;
		};
		D88FD89B2DBA4F2F00BD87A6 /* FirebaseAppCheck */ = {
			isa = XCSwiftPackageProductDependency;
			package = D88FD8982DBA4F2F00BD87A6 /* XCRemoteSwiftPackageReference "firebase-ios-sdk" */;
			productName = FirebaseAppCheck;
		};
		D88FD89D2DBA4F2F00BD87A6 /* FirebaseAuth */ = {
			isa = XCSwiftPackageProductDependency;
			package = D88FD8982DBA4F2F00BD87A6 /* XCRemoteSwiftPackageReference "firebase-ios-sdk" */;
			productName = FirebaseAuth;
		};
		D88FD89F2DBA4F2F00BD87A6 /* FirebaseFirestore */ = {
			isa = XCSwiftPackageProductDependency;
			package = D88FD8982DBA4F2F00BD87A6 /* XCRemoteSwiftPackageReference "firebase-ios-sdk" */;
			productName = FirebaseFirestore;
		};
		D88FD8A12DBA4F2F00BD87A6 /* FirebaseFirestoreCombine-Community */ = {
			isa = XCSwiftPackageProductDependency;
			package = D88FD8982DBA4F2F00BD87A6 /* XCRemoteSwiftPackageReference "firebase-ios-sdk" */;
			productName = "FirebaseFirestoreCombine-Community";
		};
/* End XCSwiftPackageProductDependency section */
	};
	rootObject = 392B6B832DB5FBA400C028B8 /* Project object */;
}
